
Microsoft Visual Studio Solution File, Format Version 12.00
# Visual Studio 2012
Project("{FAE04EC0-301F-11D3-BF4B-00C04F79EFBC}") = "aWhere.Api.Business", "aWhere.Api.Business\aWhere.Api.Business.csproj", "{5A88B965-87AF-47F4-BD9E-F495F3B6EE67}"
EndProject
Project("{FAE04EC0-301F-11D3-BF4B-00C04F79EFBC}") = "aWhere.Api.ConsoleDemo", "aWhere.Api.ConsoleDemo\aWhere.Api.ConsoleDemo.csproj", "{52406331-4F86-47A8-914C-BB7ECDABCB85}"
EndProject
Project("{FAE04EC0-301F-11D3-BF4B-00C04F79EFBC}") = "aWhere.Api.Services", "aWhere.Api.Services\aWhere.Api.Services.csproj", "{70BC07EC-DE5B-453D-B2ED-6E721945AB2F}"
EndProject
Global
	GlobalSection(SolutionConfigurationPlatforms) = preSolution
		Debug|Any CPU = Debug|Any CPU
		Release|Any CPU = Release|Any CPU
	EndGlobalSection
	GlobalSection(ProjectConfigurationPlatforms) = postSolution
		{5A88B965-87AF-47F4-BD9E-F495F3B6EE67}.Debug|Any CPU.ActiveCfg = Debug|Any CPU
		{5A88B965-87AF-47F4-BD9E-F495F3B6EE67}.Debug|Any CPU.Build.0 = Debug|Any CPU
		{5A88B965-87AF-47F4-BD9E-F495F3B6EE67}.Release|Any CPU.ActiveCfg = Release|Any CPU
		{5A88B965-87AF-47F4-BD9E-F495F3B6EE67}.Release|Any CPU.Build.0 = Release|Any CPU
		{52406331-4F86-47A8-914C-BB7ECDABCB85}.Debug|Any CPU.ActiveCfg = Debug|Any CPU
		{52406331-4F86-47A8-914C-BB7ECDABCB85}.Debug|Any CPU.Build.0 = Debug|Any CPU
		{52406331-4F86-47A8-914C-BB7ECDABCB85}.Release|Any CPU.ActiveCfg = Release|Any CPU
		{52406331-4F86-47A8-914C-BB7ECDABCB85}.Release|Any CPU.Build.0 = Release|Any CPU
		{70BC07EC-DE5B-453D-B2ED-6E721945AB2F}.Debug|Any CPU.ActiveCfg = Debug|Any CPU
		{70BC07EC-DE5B-453D-B2ED-6E721945AB2F}.Debug|Any CPU.Build.0 = Debug|Any CPU
		{70BC07EC-DE5B-453D-B2ED-6E721945AB2F}.Release|Any CPU.ActiveCfg = Release|Any CPU
		{70BC07EC-DE5B-453D-B2ED-6E721945AB2F}.Release|Any CPU.Build.0 = Release|Any CPU
	EndGlobalSection
	GlobalSection(SolutionProperties) = preSolution
		HideSolutionNode = FALSE
	EndGlobalSection
EndGlobal
